PODS:
  - AKSideMenu (1.4.5)
  - Alamofire (4.7.3)
  - GoogleMaps (3.7.0):
    - GoogleMaps/Maps (= 3.7.0)
  - GoogleMaps/Base (3.7.0)
  - GoogleMaps/Maps (3.7.0):
    - GoogleMaps/Base
  - GooglePlaces (3.7.0):
    - GoogleMaps/Base (= 3.7.0)
  - PKHUD (5.2.0)
  - ReachabilitySwift (4.2.1)
  - Realm (3.20.0):
    - Realm/Headers (= 3.20.0)
  - Realm/Headers (3.20.0)
  - RealmSwift (3.20.0):
    - Realm (= 3.20.0)
  - SwiftyJSON (4.2.0)

DEPENDENCIES:
  - AKSideMenu
  - Alamofire
  - GoogleMaps
  - GooglePlaces
  - PKHUD (~> 5.0)
  - ReachabilitySwift
  - RealmSwift (~> 3.20.0)
  - SwiftyJSON

SPEC REPOS:
  https://github.com/cocoapods/specs.git:
    - AKSideMenu
    - Alamofire
    - GoogleMaps
    - GooglePlaces
    - PKHUD
    - ReachabilitySwift
    - Realm
    - RealmSwift
    - SwiftyJSON

SPEC CHECKSUMS:
  AKSideMenu: 2880c44ee04a68f40be783c5cb997b2e0ee22401
  Alamofire: c7287b6e5d7da964a70935e5db17046b7fde6568
  GoogleMaps: 55da829c68aa931f3ae982b9e341cc2f3d89c587
  GooglePlaces: a62077320f9d64239245af63aa1aa136393ebeb6
  PKHUD: dd5357ac65f26115c35c4a68e9b328053326c5fe
  ReachabilitySwift: 35720ffea59c1c76d15f885be77fd33e33985427
  Realm: 8b2ca5bc6479a91f379b6b42b5922e396cd5ba5a
  RealmSwift: 1949ef26a279e1845bd51d591b9103adfcd121df
  SwiftyJSON: c4bcba26dd9ec7a027fc8eade48e2c911f229e96

PODFILE CHECKSUM: 4623b92a1621c72c73c50935dd3c3a3065bccf36

COCOAPODS: 1.5.3
